{
  "pins" : [
    {
      "identity" : "mapbox-common-ios",
      "kind" : "remoteSourceControl",
      "location" : "https://github.com/mapbox/mapbox-common-ios.git",
      "state" : {
        "revision" : "31e1af0ebf69f4393fd7386be00dd0d19c288a7c",
        "version" : "24.11.0"
      }
    },
    {
      "identity" : "mapbox-core-maps-ios",
      "kind" : "remoteSourceControl",
      "location" : "https://github.com/mapbox/mapbox-core-maps-ios.git",
      "state" : {
        "revision" : "f5e6f21925868102fc28f0eded225c7015bde626",
        "version" : "11.11.0"
      }
    },
    {
      "identity" : "mapbox-maps-ios",
      "kind" : "remoteSourceControl",
      "location" : "https://github.com/mapbox/mapbox-maps-ios.git",
      "state" : {
        "revision" : "a0b366c558d3ba96012d348f6a8d20ee6bc50b07",
        "version" : "11.11.0"
      }
    },
    {
      "identity" : "mapbox-navigation-ios",
      "kind" : "remoteSourceControl",
      "location" : "https://github.com/mapbox/mapbox-navigation-ios.git",
      "state" : {
        "branch" : "main",
        "revision" : "aca0f2ddf2383d71b1acef521ebc893660e70003"
      }
    },
    {
      "identity" : "mapbox-navigation-native-ios",
      "kind" : "remoteSourceControl",
      "location" : "https://github.com/mapbox/mapbox-navigation-native-ios.git",
      "state" : {
        "revision" : "9f21ba13ed4424c374cfa6289eaaf902058098c0",
        "version" : "324.0.0"
      }
    },
    {
      "identity" : "swift-argument-parser",
      "kind" : "remoteSourceControl",
      "location" : "https://github.com/apple/swift-argument-parser",
      "state" : {
        "revision" : "41982a3656a71c768319979febd796c6fd111d5c",
        "version" : "1.5.0"
      }
    },
    {
      "identity" : "swift-custom-dump",
      "kind" : "remoteSourceControl",
      "location" : "https://github.com/pointfreeco/swift-custom-dump",
      "state" : {
        "revision" : "82645ec760917961cfa08c9c0c7104a57a0fa4b1",
        "version" : "1.3.3"
      }
    },
    {
      "identity" : "swift-snapshot-testing",
      "kind" : "remoteSourceControl",
      "location" : "https://github.com/pointfreeco/swift-snapshot-testing.git",
      "state" : {
        "revision" : "1be8144023c367c5de701a6313ed29a3a10bf59b",
        "version" : "1.18.3"
      }
    },
    {
      "identity" : "swift-syntax",
      "kind" : "remoteSourceControl",
      "location" : "https://github.com/swiftlang/swift-syntax",
      "state" : {
        "revision" : "f99ae8aa18f0cf0d53481901f88a0991dc3bd4a2",
        "version" : "601.0.1"
      }
    },
    {
      "identity" : "turf-swift",
      "kind" : "remoteSourceControl",
      "location" : "https://github.com/mapbox/turf-swift.git",
      "state" : {
        "revision" : "bf840e6b9529d105687840fe2c9dcd74197d46d1",
        "version" : "4.0.0"
      }
    },
    {
      "identity" : "xctest-dynamic-overlay",
      "kind" : "remoteSourceControl",
      "location" : "https://github.com/pointfreeco/xctest-dynamic-overlay",
      "state" : {
        "revision" : "39de59b2d47f7ef3ca88a039dff3084688fe27f4",
        "version" : "1.5.2"
      }
    }
  ],
  "version" : 2
}
