{
  "originHash" : "c48d77ebe93e854e8e2b4bbddf1d5fe4977e5a87efa4e14ea29c90b3e5919e31",
  "pins" : [
    {
      "identity" : "mapbox-common-ios",
      "kind" : "remoteSourceControl",
      "location" : "https://github.com/mapbox/mapbox-common-ios.git",
      "state" : {
        "revision" : "2a263a142416cd9070eab101c0bb324b1b109750",
        "version" : "24.13.2"
      }
    },
    {
      "identity" : "mapbox-core-maps-ios",
      "kind" : "remoteSourceControl",
      "location" : "https://github.com/mapbox/mapbox-core-maps-ios.git",
      "state" : {
        "revision" : "c5d4f7d02eab371c35c71835990cc90e94ebe11c",
        "version" : "11.13.2"
      }
    },
    {
      "identity" : "mapbox-maps-ios",
      "kind" : "remoteSourceControl",
      "location" : "https://github.com/mapbox/mapbox-maps-ios.git",
      "state" : {
        "revision" : "c2b70bfb7e04d49066716a0348a893de8818cb3b",
        "version" : "11.13.2"
      }
    },
    {
      "identity" : "turf-swift",
      "kind" : "remoteSourceControl",
      "location" : "https://github.com/mapbox/turf-swift.git",
      "state" : {
        "revision" : "bf840e6b9529d105687840fe2c9dcd74197d46d1",
        "version" : "4.0.0"
      }
    }
  ],
  "version" : 3
}
