// !$*UTF8*$!
{
	archiveVersion = 1;
	classes = {
	};
	objectVersion = 77;
	objects = {

/* Begin PBXBuildFile section */
		D34C4E6B2E4CD3B300A2F682 /* MapboxMaps in Frameworks */ = {isa = PBXBuildFile; productRef = D34C4E6A2E4CD3B300A2F682 /* MapboxMaps */; };
/* End PBXBuildFile section */

/* Begin PBXContainerItemProxy section */
		D34C4E472E4CD31B00A2F682 /* PBXContainerItemProxy */ = {
			isa = PBXContainerItemProxy;
			containerPortal = D34C4E312E4CD31900A2F682 /* Project object */;
			proxyType = 1;
			remoteGlobalIDString = D34C4E382E4CD31900A2F682;
			remoteInfo = "ios-offline-maps";
		};
		D34C4E512E4CD31B00A2F682 /* PBXContainerItemProxy */ = {
			isa = PBXContainerItemProxy;
			containerPortal = D34C4E312E4CD31900A2F682 /* Project object */;
			proxyType = 1;
			remoteGlobalIDString = D34C4E382E4CD31900A2F682;
			remoteInfo = "ios-offline-maps";
		};
/* End PBXContainerItemProxy section */

/* Begin PBXFileReference section */
		D34C4E392E4CD31900A2F682 /* ios-offline-maps.app */ = {isa = PBXFileReference; explicitFileType = wrapper.application; includeInIndex = 0; path = "ios-offline-maps.app"; sourceTree = BUILT_PRODUCTS_DIR; };
		D34C4E462E4CD31B00A2F682 /* ios-offline-mapsTests.xctest */ = {isa = PBXFileReference; explicitFileType = wrapper.cfbundle; includeInIndex = 0; path = "ios-offline-mapsTests.xctest"; sourceTree = BUILT_PRODUCTS_DIR; };
		D34C4E502E4CD31B00A2F682 /* ios-offline-mapsUITests.xctest */ = {isa = PBXFileReference; explicitFileType = wrapper.cfbundle; includeInIndex = 0; path = "ios-offline-mapsUITests.xctest"; sourceTree = BUILT_PRODUCTS_DIR; };
/* End PBXFileReference section */

/* Begin PBXFileSystemSynchronizedBuildFileExceptionSet section */
		D34C4E6D2E4CD42100A2F682 /* Exceptions for "ios-offline-maps" folder in "ios-offline-maps" target */ = {
			isa = PBXFileSystemSynchronizedBuildFileExceptionSet;
			membershipExceptions = (
				Info.plist,
			);
			target = D34C4E382E4CD31900A2F682 /* ios-offline-maps */;
		};
/* End PBXFileSystemSynchronizedBuildFileExceptionSet section */

/* Begin PBXFileSystemSynchronizedRootGroup section */
		D34C4E3B2E4CD31900A2F682 /* ios-offline-maps */ = {
			isa = PBXFileSystemSynchronizedRootGroup;
			exceptions = (
				D34C4E6D2E4CD42100A2F682 /* Exceptions for "ios-offline-maps" folder in "ios-offline-maps" target */,
			);
			path = "ios-offline-maps";
			sourceTree = "<group>";
		};
		D34C4E492E4CD31B00A2F682 /* ios-offline-mapsTests */ = {
			isa = PBXFileSystemSynchronizedRootGroup;
			path = "ios-offline-mapsTests";
			sourceTree = "<group>";
		};
		D34C4E532E4CD31B00A2F682 /* ios-offline-mapsUITests */ = {
			isa = PBXFileSystemSynchronizedRootGroup;
			path = "ios-offline-mapsUITests";
			sourceTree = "<group>";
		};
/* End PBXFileSystemSynchronizedRootGroup section */

/* Begin PBXFrameworksBuildPhase section */
		D34C4E362E4CD31900A2F682 /* Frameworks */ = {
			isa = PBXFrameworksBuildPhase;
			buildActionMask = 2147483647;
			files = (
				D34C4E6B2E4CD3B300A2F682 /* MapboxMaps in Frameworks */,
			);
			runOnlyForDeploymentPostprocessing = 0;
		};
		D34C4E432E4CD31B00A2F682 /* Frameworks */ = {
			isa = PBXFrameworksBuildPhase;
			buildActionMask = 2147483647;
			files = (
			);
			runOnlyForDeploymentPostprocessing = 0;
		};
		D34C4E4D2E4CD31B00A2F682 /* Frameworks */ = {
			isa = PBXFrameworksBuildPhase;
			buildActionMask = 2147483647;
			files = (
			);
			runOnlyForDeploymentPostprocessing = 0;
		};
/* End PBXFrameworksBuildPhase section */

/* Begin PBXGroup section */
		D34C4E302E4CD31900A2F682 = {
			isa = PBXGroup;
			children = (
				D34C4E3B2E4CD31900A2F682 /* ios-offline-maps */,
				D34C4E492E4CD31B00A2F682 /* ios-offline-mapsTests */,
				D34C4E532E4CD31B00A2F682 /* ios-offline-mapsUITests */,
				D34C4E3A2E4CD31900A2F682 /* Products */,
			);
			sourceTree = "<group>";
		};
		D34C4E3A2E4CD31900A2F682 /* Products */ = {
			isa = PBXGroup;
			children = (
				D34C4E392E4CD31900A2F682 /* ios-offline-maps.app */,
				D34C4E462E4CD31B00A2F682 /* ios-offline-mapsTests.xctest */,
				D34C4E502E4CD31B00A2F682 /* ios-offline-mapsUITests.xctest */,
			);
			name = Products;
			sourceTree = "<group>";
		};
/* End PBXGroup section */

/* Begin PBXNativeTarget section */
		D34C4E382E4CD31900A2F682 /* ios-offline-maps */ = {
			isa = PBXNativeTarget;
			buildConfigurationList = D34C4E5A2E4CD31B00A2F682 /* Build configuration list for PBXNativeTarget "ios-offline-maps" */;
			buildPhases = (
				D34C4E352E4CD31900A2F682 /* Sources */,
				D34C4E362E4CD31900A2F682 /* Frameworks */,
				D34C4E372E4CD31900A2F682 /* Resources */,
			);
			buildRules = (
			);
			dependencies = (
			);
			fileSystemSynchronizedGroups = (
				D34C4E3B2E4CD31900A2F682 /* ios-offline-maps */,
			);
			name = "ios-offline-maps";
			packageProductDependencies = (
				D34C4E6A2E4CD3B300A2F682 /* MapboxMaps */,
			);
			productName = "ios-offline-maps";
			productReference = D34C4E392E4CD31900A2F682 /* ios-offline-maps.app */;
			productType = "com.apple.product-type.application";
		};
		D34C4E452E4CD31B00A2F682 /* ios-offline-mapsTests */ = {
			isa = PBXNativeTarget;
			buildConfigurationList = D34C4E5D2E4CD31B00A2F682 /* Build configuration list for PBXNativeTarget "ios-offline-mapsTests" */;
			buildPhases = (
				D34C4E422E4CD31B00A2F682 /* Sources */,
				D34C4E432E4CD31B00A2F682 /* Frameworks */,
				D34C4E442E4CD31B00A2F682 /* Resources */,
			);
			buildRules = (
			);
			dependencies = (
				D34C4E482E4CD31B00A2F682 /* PBXTargetDependency */,
			);
			fileSystemSynchronizedGroups = (
				D34C4E492E4CD31B00A2F682 /* ios-offline-mapsTests */,
			);
			name = "ios-offline-mapsTests";
			packageProductDependencies = (
			);
			productName = "ios-offline-mapsTests";
			productReference = D34C4E462E4CD31B00A2F682 /* ios-offline-mapsTests.xctest */;
			productType = "com.apple.product-type.bundle.unit-test";
		};
		D34C4E4F2E4CD31B00A2F682 /* ios-offline-mapsUITests */ = {
			isa = PBXNativeTarget;
			buildConfigurationList = D34C4E602E4CD31B00A2F682 /* Build configuration list for PBXNativeTarget "ios-offline-mapsUITests" */;
			buildPhases = (
				D34C4E4C2E4CD31B00A2F682 /* Sources */,
				D34C4E4D2E4CD31B00A2F682 /* Frameworks */,
				D34C4E4E2E4CD31B00A2F682 /* Resources */,
			);
			buildRules = (
			);
			dependencies = (
				D34C4E522E4CD31B00A2F682 /* PBXTargetDependency */,
			);
			fileSystemSynchronizedGroups = (
				D34C4E532E4CD31B00A2F682 /* ios-offline-mapsUITests */,
			);
			name = "ios-offline-mapsUITests";
			packageProductDependencies = (
			);
			productName = "ios-offline-mapsUITests";
			productReference = D34C4E502E4CD31B00A2F682 /* ios-offline-mapsUITests.xctest */;
			productType = "com.apple.product-type.bundle.ui-testing";
		};
/* End PBXNativeTarget section */

/* Begin PBXProject section */
		D34C4E312E4CD31900A2F682 /* Project object */ = {
			isa = PBXProject;
			attributes = {
				BuildIndependentTargetsInParallel = 1;
				LastSwiftUpdateCheck = 1640;
				LastUpgradeCheck = 1640;
				TargetAttributes = {
					D34C4E382E4CD31900A2F682 = {
						CreatedOnToolsVersion = 16.4;
					};
					D34C4E452E4CD31B00A2F682 = {
						CreatedOnToolsVersion = 16.4;
						TestTargetID = D34C4E382E4CD31900A2F682;
					};
					D34C4E4F2E4CD31B00A2F682 = {
						CreatedOnToolsVersion = 16.4;
						TestTargetID = D34C4E382E4CD31900A2F682;
					};
				};
			};
			buildConfigurationList = D34C4E342E4CD31900A2F682 /* Build configuration list for PBXProject "ios-offline-maps" */;
			developmentRegion = en;
			hasScannedForEncodings = 0;
			knownRegions = (
				en,
				Base,
			);
			mainGroup = D34C4E302E4CD31900A2F682;
			minimizedProjectReferenceProxies = 1;
			packageReferences = (
				D34C4E692E4CD3B300A2F682 /* XCRemoteSwiftPackageReference "mapbox-maps-ios" */,
			);
			preferredProjectObjectVersion = 77;
			productRefGroup = D34C4E3A2E4CD31900A2F682 /* Products */;
			projectDirPath = "";
			projectRoot = "";
			targets = (
				D34C4E382E4CD31900A2F682 /* ios-offline-maps */,
				D34C4E452E4CD31B00A2F682 /* ios-offline-mapsTests */,
				D34C4E4F2E4CD31B00A2F682 /* ios-offline-mapsUITests */,
			);
		};
/* End PBXProject section */

/* Begin PBXResourcesBuildPhase section */
		D34C4E372E4CD31900A2F682 /* Resources */ = {
			isa = PBXResourcesBuildPhase;
			buildActionMask = 2147483647;
			files = (
			);
			runOnlyForDeploymentPostprocessing = 0;
		};
		D34C4E442E4CD31B00A2F682 /* Resources */ = {
			isa = PBXResourcesBuildPhase;
			buildActionMask = 2147483647;
			files = (
			);
			runOnlyForDeploymentPostprocessing = 0;
		};
		D34C4E4E2E4CD31B00A2F682 /* Resources */ = {
			isa = PBXResourcesBuildPhase;
			buildActionMask = 2147483647;
			files = (
			);
			runOnlyForDeploymentPostprocessing = 0;
		};
/* End PBXResourcesBuildPhase section */

/* Begin PBXSourcesBuildPhase section */
		D34C4E352E4CD31900A2F682 /* Sources */ = {
			isa = PBXSourcesBuildPhase;
			buildActionMask = 2147483647;
			files = (
			);
			runOnlyForDeploymentPostprocessing = 0;
		};
		D34C4E422E4CD31B00A2F682 /* Sources */ = {
			isa = PBXSourcesBuildPhase;
			buildActionMask = 2147483647;
			files = (
			);
			runOnlyForDeploymentPostprocessing = 0;
		};
		D34C4E4C2E4CD31B00A2F682 /* Sources */ = {
			isa = PBXSourcesBuildPhase;
			buildActionMask = 2147483647;
			files = (
			);
			runOnlyForDeploymentPostprocessing = 0;
		};
/* End PBXSourcesBuildPhase section */

/* Begin PBXTargetDependency section */
		D34C4E482E4CD31B00A2F682 /* PBXTargetDependency */ = {
			isa = PBXTargetDependency;
			target = D34C4E382E4CD31900A2F682 /* ios-offline-maps */;
			targetProxy = D34C4E472E4CD31B00A2F682 /* PBXContainerItemProxy */;
		};
		D34C4E522E4CD31B00A2F682 /* PBXTargetDependency */ = {
			isa = PBXTargetDependency;
			target = D34C4E382E4CD31900A2F682 /* ios-offline-maps */;
			targetProxy = D34C4E512E4CD31B00A2F682 /* PBXContainerItemProxy */;
		};
/* End PBXTargetDependency section */

/* Begin XCBuildConfiguration section */
		D34C4E582E4CD31B00A2F682 /* Debug */ = {
			isa = XCBuildConfiguration;
			buildSettings = {
				ALWAYS_SEARCH_USER_PATHS = NO;
				ASSETCATALOG_COMPILER_GENERATE_SWIFT_ASSET_SYMBOL_EXTENSIONS = YES;
				CLANG_ANALYZER_NONNULL = YES;
				CLANG_ANALYZER_NUMBER_OBJECT_CONVERSION = YES_AGGRESSIVE;
				CLANG_CXX_LANGUAGE_STANDARD = "gnu++20";
				CLANG_ENABLE_MODULES = YES;
				CLANG_ENABLE_OBJC_ARC = YES;
				CLANG_ENABLE_OBJC_WEAK = YES;
				CLANG_WARN_BLOCK_CAPTURE_AUTORELEASING = YES;
				CLANG_WARN_BOOL_CONVERSION = YES;
				CLANG_WARN_COMMA = YES;
				CLANG_WARN_CONSTANT_CONVERSION = YES;
				CLANG_WARN_DEPRECATED_OBJC_IMPLEMENTATIONS = YES;
				CLANG_WARN_DIRECT_OBJC_ISA_USAGE = YES_ERROR;
				CLANG_WARN_DOCUMENTATION_COMMENTS = YES;
				CLANG_WARN_EMPTY_BODY = YES;
				CLANG_WARN_ENUM_CONVERSION = YES;
				CLANG_WARN_INFINITE_RECURSION = YES;
				CLANG_WARN_INT_CONVERSION = YES;
				CLANG_WARN_NON_LITERAL_NULL_CONVERSION = YES;
				CLANG_WARN_OBJC_IMPLICIT_RETAIN_SELF = YES;
				CLANG_WARN_OBJC_LITERAL_CONVERSION = YES;
				CLANG_WARN_OBJC_ROOT_CLASS = YES_ERROR;
				CLANG_WARN_QUOTED_INCLUDE_IN_FRAMEWORK_HEADER = YES;
				CLANG_WARN_RANGE_LOOP_ANALYSIS = YES;
				CLANG_WARN_STRICT_PROTOTYPES = YES;
				CLANG_WARN_SUSPICIOUS_MOVE = YES;
				CLANG_WARN_UNGUARDED_AVAILABILITY = YES_AGGRESSIVE;
				CLANG_WARN_UNREACHABLE_CODE = YES;
				CLANG_WARN__DUPLICATE_METHOD_MATCH = YES;
				COPY_PHASE_STRIP = NO;
				DEBUG_INFORMATION_FORMAT = dwarf;
				ENABLE_STRICT_OBJC_MSGSEND = YES;
				ENABLE_TESTABILITY = YES;
				ENABLE_USER_SCRIPT_SANDBOXING = YES;
				GCC_C_LANGUAGE_STANDARD = gnu17;
				GCC_DYNAMIC_NO_PIC = NO;
				GCC_NO_COMMON_BLOCKS = YES;
				GCC_OPTIMIZATION_LEVEL = 0;
				GCC_PREPROCESSOR_DEFINITIONS = (
					"DEBUG=1",
					"$(inherited)",
				);
				GCC_WARN_64_TO_32_BIT_CONVERSION = YES;
				GCC_WARN_ABOUT_RETURN_TYPE = YES_ERROR;
				GCC_WARN_UNDECLARED_SELECTOR = YES;
				GCC_WARN_UNINITIALIZED_AUTOS = YES_AGGRESSIVE;
				GCC_WARN_UNUSED_FUNCTION = YES;
				GCC_WARN_UNUSED_VARIABLE = YES;
				IPHONEOS_DEPLOYMENT_TARGET = 18.5;
				LOCALIZATION_PREFERS_STRING_CATALOGS = YES;
				MTL_ENABLE_DEBUG_INFO = INCLUDE_SOURCE;
				MTL_FAST_MATH = YES;
				ONLY_ACTIVE_ARCH = YES;
				SDKROOT = iphoneos;
				SWIFT_ACTIVE_COMPILATION_CONDITIONS = "DEBUG $(inherited)";
				SWIFT_OPTIMIZATION_LEVEL = "-Onone";
			};
			name = Debug;
		};
		D34C4E592E4CD31B00A2F682 /* Release */ = {
			isa = XCBuildConfiguration;
			buildSettings = {
				ALWAYS_SEARCH_USER_PATHS = NO;
				ASSETCATALOG_COMPILER_GENERATE_SWIFT_ASSET_SYMBOL_EXTENSIONS = YES;
				CLANG_ANALYZER_NONNULL = YES;
				CLANG_ANALYZER_NUMBER_OBJECT_CONVERSION = YES_AGGRESSIVE;
				CLANG_CXX_LANGUAGE_STANDARD = "gnu++20";
				CLANG_ENABLE_MODULES = YES;
				CLANG_ENABLE_OBJC_ARC = YES;
				CLANG_ENABLE_OBJC_WEAK = YES;
				CLANG_WARN_BLOCK_CAPTURE_AUTORELEASING = YES;
				CLANG_WARN_BOOL_CONVERSION = YES;
				CLANG_WARN_COMMA = YES;
				CLANG_WARN_CONSTANT_CONVERSION = YES;
				CLANG_WARN_DEPRECATED_OBJC_IMPLEMENTATIONS = YES;
				CLANG_WARN_DIRECT_OBJC_ISA_USAGE = YES_ERROR;
				CLANG_WARN_DOCUMENTATION_COMMENTS = YES;
				CLANG_WARN_EMPTY_BODY = YES;
				CLANG_WARN_ENUM_CONVERSION = YES;
				CLANG_WARN_INFINITE_RECURSION = YES;
				CLANG_WARN_INT_CONVERSION = YES;
				CLANG_WARN_NON_LITERAL_NULL_CONVERSION = YES;
				CLANG_WARN_OBJC_IMPLICIT_RETAIN_SELF = YES;
				CLANG_WARN_OBJC_LITERAL_CONVERSION = YES;
				CLANG_WARN_OBJC_ROOT_CLASS = YES_ERROR;
				CLANG_WARN_QUOTED_INCLUDE_IN_FRAMEWORK_HEADER = YES;
				CLANG_WARN_RANGE_LOOP_ANALYSIS = YES;
				CLANG_WARN_STRICT_PROTOTYPES = YES;
				CLANG_WARN_SUSPICIOUS_MOVE = YES;
				CLANG_WARN_UNGUARDED_AVAILABILITY = YES_AGGRESSIVE;
				CLANG_WARN_UNREACHABLE_CODE = YES;
				CLANG_WARN__DUPLICATE_METHOD_MATCH = YES;
				COPY_PHASE_STRIP = NO;
				DEBUG_INFORMATION_FORMAT = "dwarf-with-dsym";
				ENABLE_NS_ASSERTIONS = NO;
				ENABLE_STRICT_OBJC_MSGSEND = YES;
				ENABLE_USER_SCRIPT_SANDBOXING = YES;
				GCC_C_LANGUAGE_STANDARD = gnu17;
				GCC_NO_COMMON_BLOCKS = YES;
				GCC_WARN_64_TO_32_BIT_CONVERSION = YES;
				GCC_WARN_ABOUT_RETURN_TYPE = YES_ERROR;
				GCC_WARN_UNDECLARED_SELECTOR = YES;
				GCC_WARN_UNINITIALIZED_AUTOS = YES_AGGRESSIVE;
				GCC_WARN_UNUSED_FUNCTION = YES;
				GCC_WARN_UNUSED_VARIABLE = YES;
				IPHONEOS_DEPLOYMENT_TARGET = 18.5;
				LOCALIZATION_PREFERS_STRING_CATALOGS = YES;
				MTL_ENABLE_DEBUG_INFO = NO;
				MTL_FAST_MATH = YES;
				SDKROOT = iphoneos;
				SWIFT_COMPILATION_MODE = wholemodule;
				VALIDATE_PRODUCT = YES;
			};
			name = Release;
		};
		D34C4E5B2E4CD31B00A2F682 /* Debug */ = {
			isa = XCBuildConfiguration;
			buildSettings = {
				ASSETCATALOG_COMPILER_APPICON_NAME = AppIcon;
				ASSETCATALOG_COMPILER_GLOBAL_ACCENT_COLOR_NAME = AccentColor;
				CODE_SIGN_STYLE = Automatic;
				CURRENT_PROJECT_VERSION = 1;
				ENABLE_PREVIEWS = YES;
				GENERATE_INFOPLIST_FILE = YES;
				INFOPLIST_FILE = "ios-offline-maps/Info.plist";
				INFOPLIST_KEY_UIApplicationSceneManifest_Generation = YES;
				INFOPLIST_KEY_UIApplicationSupportsIndirectInputEvents = YES;
				INFOPLIST_KEY_UILaunchScreen_Generation = YES;
				INFOPLIST_KEY_UISupportedInterfaceOrientations_iPad = "UIInterfaceOrientationPortrait UIInterfaceOrientationPortraitUpsideDown UIInterfaceOrientationLandscapeLeft UIInterfaceOrientationLandscapeRight";
				INFOPLIST_KEY_UISupportedInterfaceOrientations_iPhone = "UIInterfaceOrientationPortrait UIInterfaceOrientationLandscapeLeft UIInterfaceOrientationLandscapeRight";
				LD_RUNPATH_SEARCH_PATHS = (
					"$(inherited)",
					"@executable_path/Frameworks",
				);
				MARKETING_VERSION = 1.0;
				PRODUCT_BUNDLE_IDENTIFIER = "me.ios-offline-maps";
				PRODUCT_NAME = "$(TARGET_NAME)";
				SWIFT_EMIT_LOC_STRINGS = YES;
				SWIFT_VERSION = 5.0;
				TARGETED_DEVICE_FAMILY = "1,2";
			};
			name = Debug;
		};
		D34C4E5C2E4CD31B00A2F682 /* Release */ = {
			isa = XCBuildConfiguration;
			buildSettings = {
				ASSETCATALOG_COMPILER_APPICON_NAME = AppIcon;
				ASSETCATALOG_COMPILER_GLOBAL_ACCENT_COLOR_NAME = AccentColor;
				CODE_SIGN_STYLE = Automatic;
				CURRENT_PROJECT_VERSION = 1;
				ENABLE_PREVIEWS = YES;
				GENERATE_INFOPLIST_FILE = YES;
				INFOPLIST_FILE = "ios-offline-maps/Info.plist";
				INFOPLIST_KEY_UIApplicationSceneManifest_Generation = YES;
				INFOPLIST_KEY_UIApplicationSupportsIndirectInputEvents = YES;
				INFOPLIST_KEY_UILaunchScreen_Generation = YES;
				INFOPLIST_KEY_UISupportedInterfaceOrientations_iPad = "UIInterfaceOrientationPortrait UIInterfaceOrientationPortraitUpsideDown UIInterfaceOrientationLandscapeLeft UIInterfaceOrientationLandscapeRight";
				INFOPLIST_KEY_UISupportedInterfaceOrientations_iPhone = "UIInterfaceOrientationPortrait UIInterfaceOrientationLandscapeLeft UIInterfaceOrientationLandscapeRight";
				LD_RUNPATH_SEARCH_PATHS = (
					"$(inherited)",
					"@executable_path/Frameworks",
				);
				MARKETING_VERSION = 1.0;
				PRODUCT_BUNDLE_IDENTIFIER = "me.ios-offline-maps";
				PRODUCT_NAME = "$(TARGET_NAME)";
				SWIFT_EMIT_LOC_STRINGS = YES;
				SWIFT_VERSION = 5.0;
				TARGETED_DEVICE_FAMILY = "1,2";
			};
			name = Release;
		};
		D34C4E5E2E4CD31B00A2F682 /* Debug */ = {
			isa = XCBuildConfiguration;
			buildSettings = {
				BUNDLE_LOADER = "$(TEST_HOST)";
				CODE_SIGN_STYLE = Automatic;
				CURRENT_PROJECT_VERSION = 1;
				GENERATE_INFOPLIST_FILE = YES;
				IPHONEOS_DEPLOYMENT_TARGET = 18.5;
				MARKETING_VERSION = 1.0;
				PRODUCT_BUNDLE_IDENTIFIER = "me.ios-offline-mapsTests";
				PRODUCT_NAME = "$(TARGET_NAME)";
				SWIFT_EMIT_LOC_STRINGS = NO;
				SWIFT_VERSION = 5.0;
				TARGETED_DEVICE_FAMILY = "1,2";
				TEST_HOST = "$(BUILT_PRODUCTS_DIR)/ios-offline-maps.app/$(BUNDLE_EXECUTABLE_FOLDER_PATH)/ios-offline-maps";
			};
			name = Debug;
		};
		D34C4E5F2E4CD31B00A2F682 /* Release */ = {
			isa = XCBuildConfiguration;
			buildSettings = {
				BUNDLE_LOADER = "$(TEST_HOST)";
				CODE_SIGN_STYLE = Automatic;
				CURRENT_PROJECT_VERSION = 1;
				GENERATE_INFOPLIST_FILE = YES;
				IPHONEOS_DEPLOYMENT_TARGET = 18.5;
				MARKETING_VERSION = 1.0;
				PRODUCT_BUNDLE_IDENTIFIER = "me.ios-offline-mapsTests";
				PRODUCT_NAME = "$(TARGET_NAME)";
				SWIFT_EMIT_LOC_STRINGS = NO;
				SWIFT_VERSION = 5.0;
				TARGETED_DEVICE_FAMILY = "1,2";
				TEST_HOST = "$(BUILT_PRODUCTS_DIR)/ios-offline-maps.app/$(BUNDLE_EXECUTABLE_FOLDER_PATH)/ios-offline-maps";
			};
			name = Release;
		};
		D34C4E612E4CD31B00A2F682 /* Debug */ = {
			isa = XCBuildConfiguration;
			buildSettings = {
				CODE_SIGN_STYLE = Automatic;
				CURRENT_PROJECT_VERSION = 1;
				GENERATE_INFOPLIST_FILE = YES;
				MARKETING_VERSION = 1.0;
				PRODUCT_BUNDLE_IDENTIFIER = "me.ios-offline-mapsUITests";
				PRODUCT_NAME = "$(TARGET_NAME)";
				SWIFT_EMIT_LOC_STRINGS = NO;
				SWIFT_VERSION = 5.0;
				TARGETED_DEVICE_FAMILY = "1,2";
				TEST_TARGET_NAME = "ios-offline-maps";
			};
			name = Debug;
		};
		D34C4E622E4CD31B00A2F682 /* Release */ = {
			isa = XCBuildConfiguration;
			buildSettings = {
				CODE_SIGN_STYLE = Automatic;
				CURRENT_PROJECT_VERSION = 1;
				GENERATE_INFOPLIST_FILE = YES;
				MARKETING_VERSION = 1.0;
				PRODUCT_BUNDLE_IDENTIFIER = "me.ios-offline-mapsUITests";
				PRODUCT_NAME = "$(TARGET_NAME)";
				SWIFT_EMIT_LOC_STRINGS = NO;
				SWIFT_VERSION = 5.0;
				TARGETED_DEVICE_FAMILY = "1,2";
				TEST_TARGET_NAME = "ios-offline-maps";
			};
			name = Release;
		};
/* End XCBuildConfiguration section */

/* Begin XCConfigurationList section */
		D34C4E342E4CD31900A2F682 /* Build configuration list for PBXProject "ios-offline-maps" */ = {
			isa = XCConfigurationList;
			buildConfigurations = (
				D34C4E582E4CD31B00A2F682 /* Debug */,
				D34C4E592E4CD31B00A2F682 /* Release */,
			);
			defaultConfigurationIsVisible = 0;
			defaultConfigurationName = Release;
		};
		D34C4E5A2E4CD31B00A2F682 /* Build configuration list for PBXNativeTarget "ios-offline-maps" */ = {
			isa = XCConfigurationList;
			buildConfigurations = (
				D34C4E5B2E4CD31B00A2F682 /* Debug */,
				D34C4E5C2E4CD31B00A2F682 /* Release */,
			);
			defaultConfigurationIsVisible = 0;
			defaultConfigurationName = Release;
		};
		D34C4E5D2E4CD31B00A2F682 /* Build configuration list for PBXNativeTarget "ios-offline-mapsTests" */ = {
			isa = XCConfigurationList;
			buildConfigurations = (
				D34C4E5E2E4CD31B00A2F682 /* Debug */,
				D34C4E5F2E4CD31B00A2F682 /* Release */,
			);
			defaultConfigurationIsVisible = 0;
			defaultConfigurationName = Release;
		};
		D34C4E602E4CD31B00A2F682 /* Build configuration list for PBXNativeTarget "ios-offline-mapsUITests" */ = {
			isa = XCConfigurationList;
			buildConfigurations = (
				D34C4E612E4CD31B00A2F682 /* Debug */,
				D34C4E622E4CD31B00A2F682 /* Release */,
			);
			defaultConfigurationIsVisible = 0;
			defaultConfigurationName = Release;
		};
/* End XCConfigurationList section */

/* Begin XCRemoteSwiftPackageReference section */
		D34C4E692E4CD3B300A2F682 /* XCRemoteSwiftPackageReference "mapbox-maps-ios" */ = {
			isa = XCRemoteSwiftPackageReference;
			repositoryURL = "https://github.com/mapbox/mapbox-maps-ios.git";
			requirement = {
				kind = upToNextMajorVersion;
				minimumVersion = 11.0.0;
			};
		};
/* End XCRemoteSwiftPackageReference section */

/* Begin XCSwiftPackageProductDependency section */
		D34C4E6A2E4CD3B300A2F682 /* MapboxMaps */ = {
			isa = XCSwiftPackageProductDependency;
			package = D34C4E692E4CD3B300A2F682 /* XCRemoteSwiftPackageReference "mapbox-maps-ios" */;
			productName = MapboxMaps;
		};
/* End XCSwiftPackageProductDependency section */
	};
	rootObject = D34C4E312E4CD31900A2F682 /* Project object */;
}
