// !$*UTF8*$!
{
	archiveVersion = 1;
	classes = {
	};
	objectVersion = 77;
	objects = {

/* Begin PBXBuildFile section */
		73BC85972D95825600B3550E /* MapboxMaps in Frameworks */ = {isa = PBXBuildFile; productRef = 73BC85962D95825600B3550E /* MapboxMaps */; };
		73BC85992D9583BE00B3550E /* yellowstone.geojson in Resources */ = {isa = PBXBuildFile; fileRef = 73BC85982D9583BE00B3550E /* yellowstone.geojson */; };
/* End PBXBuildFile section */

/* Begin PBXContainerItemProxy section */
		73BC85762D948E5400B3550E /* PBXContainerItemProxy */ = {
			isa = PBXContainerItemProxy;
			containerPortal = 73BC855D2D948E5200B3550E /* Project object */;
			proxyType = 1;
			remoteGlobalIDString = 73BC85642D948E5200B3550E;
			remoteInfo = NewTestCodeLabs;
		};
		73BC85802D948E5400B3550E /* PBXContainerItemProxy */ = {
			isa = PBXContainerItemProxy;
			containerPortal = 73BC855D2D948E5200B3550E /* Project object */;
			proxyType = 1;
			remoteGlobalIDString = 73BC85642D948E5200B3550E;
			remoteInfo = NewTestCodeLabs;
		};
/* End PBXContainerItemProxy section */

/* Begin PBXFileReference section */
		73BC85652D948E5200B3550E /* Geofencing.app */ = {isa = PBXFileReference; explicitFileType = wrapper.application; includeInIndex = 0; path = Geofencing.app; sourceTree = BUILT_PRODUCTS_DIR; };
		73BC85752D948E5400B3550E /* GeofencingTests.xctest */ = {isa = PBXFileReference; explicitFileType = wrapper.cfbundle; includeInIndex = 0; path = GeofencingTests.xctest; sourceTree = BUILT_PRODUCTS_DIR; };
		73BC857F2D948E5400B3550E /* GeofencingUITests.xctest */ = {isa = PBXFileReference; explicitFileType = wrapper.cfbundle; includeInIndex = 0; path = GeofencingUITests.xctest; sourceTree = BUILT_PRODUCTS_DIR; };
		73BC85982D9583BE00B3550E /* yellowstone.geojson */ = {isa = PBXFileReference; lastKnownFileType = text; path = yellowstone.geojson; sourceTree = "<group>"; };
/* End PBXFileReference section */

/* Begin PBXFileSystemSynchronizedBuildFileExceptionSet section */
		73BC85932D9499A800B3550E /* Exceptions for "Geofencing" folder in "Geofencing" target */ = {
			isa = PBXFileSystemSynchronizedBuildFileExceptionSet;
			membershipExceptions = (
				Info.plist,
			);
			target = 73BC85642D948E5200B3550E /* Geofencing */;
		};
/* End PBXFileSystemSynchronizedBuildFileExceptionSet section */

/* Begin PBXFileSystemSynchronizedRootGroup section */
		73BC85672D948E5200B3550E /* Geofencing */ = {
			isa = PBXFileSystemSynchronizedRootGroup;
			exceptions = (
				73BC85932D9499A800B3550E /* Exceptions for "Geofencing" folder in "Geofencing" target */,
			);
			path = Geofencing;
			sourceTree = "<group>";
		};
		73BC85782D948E5400B3550E /* GeofencingTests */ = {
			isa = PBXFileSystemSynchronizedRootGroup;
			path = GeofencingTests;
			sourceTree = "<group>";
		};
		73BC85822D948E5400B3550E /* GeofencingUITests */ = {
			isa = PBXFileSystemSynchronizedRootGroup;
			path = GeofencingUITests;
			sourceTree = "<group>";
		};
/* End PBXFileSystemSynchronizedRootGroup section */

/* Begin PBXFrameworksBuildPhase section */
		73BC85622D948E5200B3550E /* Frameworks */ = {
			isa = PBXFrameworksBuildPhase;
			buildActionMask = 2147483647;
			files = (
				73BC85972D95825600B3550E /* MapboxMaps in Frameworks */,
			);
			runOnlyForDeploymentPostprocessing = 0;
		};
		73BC85722D948E5400B3550E /* Frameworks */ = {
			isa = PBXFrameworksBuildPhase;
			buildActionMask = 2147483647;
			files = (
			);
			runOnlyForDeploymentPostprocessing = 0;
		};
		73BC857C2D948E5400B3550E /* Frameworks */ = {
			isa = PBXFrameworksBuildPhase;
			buildActionMask = 2147483647;
			files = (
			);
			runOnlyForDeploymentPostprocessing = 0;
		};
/* End PBXFrameworksBuildPhase section */

/* Begin PBXGroup section */
		73BC855C2D948E5200B3550E = {
			isa = PBXGroup;
			children = (
				73BC85982D9583BE00B3550E /* yellowstone.geojson */,
				73BC85672D948E5200B3550E /* Geofencing */,
				73BC85782D948E5400B3550E /* GeofencingTests */,
				73BC85822D948E5400B3550E /* GeofencingUITests */,
				73BC85952D95825600B3550E /* Frameworks */,
				73BC85662D948E5200B3550E /* Products */,
			);
			sourceTree = "<group>";
		};
		73BC85662D948E5200B3550E /* Products */ = {
			isa = PBXGroup;
			children = (
				73BC85652D948E5200B3550E /* Geofencing.app */,
				73BC85752D948E5400B3550E /* GeofencingTests.xctest */,
				73BC857F2D948E5400B3550E /* GeofencingUITests.xctest */,
			);
			name = Products;
			sourceTree = "<group>";
		};
		73BC85952D95825600B3550E /* Frameworks */ = {
			isa = PBXGroup;
			children = (
			);
			name = Frameworks;
			sourceTree = "<group>";
		};
/* End PBXGroup section */

/* Begin PBXNativeTarget section */
		73BC85642D948E5200B3550E /* Geofencing */ = {
			isa = PBXNativeTarget;
			buildConfigurationList = 73BC85892D948E5400B3550E /* Build configuration list for PBXNativeTarget "Geofencing" */;
			buildPhases = (
				73BC85612D948E5200B3550E /* Sources */,
				73BC85622D948E5200B3550E /* Frameworks */,
				73BC85632D948E5200B3550E /* Resources */,
			);
			buildRules = (
			);
			dependencies = (
			);
			fileSystemSynchronizedGroups = (
				73BC85672D948E5200B3550E /* Geofencing */,
			);
			name = Geofencing;
			packageProductDependencies = (
				73BC85962D95825600B3550E /* MapboxMaps */,
			);
			productName = NewTestCodeLabs;
			productReference = 73BC85652D948E5200B3550E /* Geofencing.app */;
			productType = "com.apple.product-type.application";
		};
		73BC85742D948E5400B3550E /* GeofencingTests */ = {
			isa = PBXNativeTarget;
			buildConfigurationList = 73BC858C2D948E5400B3550E /* Build configuration list for PBXNativeTarget "GeofencingTests" */;
			buildPhases = (
				73BC85712D948E5400B3550E /* Sources */,
				73BC85722D948E5400B3550E /* Frameworks */,
				73BC85732D948E5400B3550E /* Resources */,
			);
			buildRules = (
			);
			dependencies = (
				73BC85772D948E5400B3550E /* PBXTargetDependency */,
			);
			fileSystemSynchronizedGroups = (
				73BC85782D948E5400B3550E /* GeofencingTests */,
			);
			name = GeofencingTests;
			packageProductDependencies = (
			);
			productName = NewTestCodeLabsTests;
			productReference = 73BC85752D948E5400B3550E /* GeofencingTests.xctest */;
			productType = "com.apple.product-type.bundle.unit-test";
		};
		73BC857E2D948E5400B3550E /* GeofencingUITests */ = {
			isa = PBXNativeTarget;
			buildConfigurationList = 73BC858F2D948E5400B3550E /* Build configuration list for PBXNativeTarget "GeofencingUITests" */;
			buildPhases = (
				73BC857B2D948E5400B3550E /* Sources */,
				73BC857C2D948E5400B3550E /* Frameworks */,
				73BC857D2D948E5400B3550E /* Resources */,
			);
			buildRules = (
			);
			dependencies = (
				73BC85812D948E5400B3550E /* PBXTargetDependency */,
			);
			fileSystemSynchronizedGroups = (
				73BC85822D948E5400B3550E /* GeofencingUITests */,
			);
			name = GeofencingUITests;
			packageProductDependencies = (
			);
			productName = NewTestCodeLabsUITests;
			productReference = 73BC857F2D948E5400B3550E /* GeofencingUITests.xctest */;
			productType = "com.apple.product-type.bundle.ui-testing";
		};
/* End PBXNativeTarget section */

/* Begin PBXProject section */
		73BC855D2D948E5200B3550E /* Project object */ = {
			isa = PBXProject;
			attributes = {
				BuildIndependentTargetsInParallel = 1;
				LastSwiftUpdateCheck = 1620;
				LastUpgradeCheck = 1620;
				TargetAttributes = {
					73BC85642D948E5200B3550E = {
						CreatedOnToolsVersion = 16.2;
					};
					73BC85742D948E5400B3550E = {
						CreatedOnToolsVersion = 16.2;
						TestTargetID = 73BC85642D948E5200B3550E;
					};
					73BC857E2D948E5400B3550E = {
						CreatedOnToolsVersion = 16.2;
						TestTargetID = 73BC85642D948E5200B3550E;
					};
				};
			};
			buildConfigurationList = 73BC85602D948E5200B3550E /* Build configuration list for PBXProject "Geofencing" */;
			developmentRegion = en;
			hasScannedForEncodings = 0;
			knownRegions = (
				en,
				Base,
			);
			mainGroup = 73BC855C2D948E5200B3550E;
			minimizedProjectReferenceProxies = 1;
			packageReferences = (
				73BC85942D9499E800B3550E /* XCRemoteSwiftPackageReference "mapbox-maps-ios" */,
			);
			preferredProjectObjectVersion = 77;
			productRefGroup = 73BC85662D948E5200B3550E /* Products */;
			projectDirPath = "";
			projectRoot = "";
			targets = (
				73BC85642D948E5200B3550E /* Geofencing */,
				73BC85742D948E5400B3550E /* GeofencingTests */,
				73BC857E2D948E5400B3550E /* GeofencingUITests */,
			);
		};
/* End PBXProject section */

/* Begin PBXResourcesBuildPhase section */
		73BC85632D948E5200B3550E /* Resources */ = {
			isa = PBXResourcesBuildPhase;
			buildActionMask = 2147483647;
			files = (
				73BC85992D9583BE00B3550E /* yellowstone.geojson in Resources */,
			);
			runOnlyForDeploymentPostprocessing = 0;
		};
		73BC85732D948E5400B3550E /* Resources */ = {
			isa = PBXResourcesBuildPhase;
			buildActionMask = 2147483647;
			files = (
			);
			runOnlyForDeploymentPostprocessing = 0;
		};
		73BC857D2D948E5400B3550E /* Resources */ = {
			isa = PBXResourcesBuildPhase;
			buildActionMask = 2147483647;
			files = (
			);
			runOnlyForDeploymentPostprocessing = 0;
		};
/* End PBXResourcesBuildPhase section */

/* Begin PBXSourcesBuildPhase section */
		73BC85612D948E5200B3550E /* Sources */ = {
			isa = PBXSourcesBuildPhase;
			buildActionMask = 2147483647;
			files = (
			);
			runOnlyForDeploymentPostprocessing = 0;
		};
		73BC85712D948E5400B3550E /* Sources */ = {
			isa = PBXSourcesBuildPhase;
			buildActionMask = 2147483647;
			files = (
			);
			runOnlyForDeploymentPostprocessing = 0;
		};
		73BC857B2D948E5400B3550E /* Sources */ = {
			isa = PBXSourcesBuildPhase;
			buildActionMask = 2147483647;
			files = (
			);
			runOnlyForDeploymentPostprocessing = 0;
		};
/* End PBXSourcesBuildPhase section */

/* Begin PBXTargetDependency section */
		73BC85772D948E5400B3550E /* PBXTargetDependency */ = {
			isa = PBXTargetDependency;
			target = 73BC85642D948E5200B3550E /* Geofencing */;
			targetProxy = 73BC85762D948E5400B3550E /* PBXContainerItemProxy */;
		};
		73BC85812D948E5400B3550E /* PBXTargetDependency */ = {
			isa = PBXTargetDependency;
			target = 73BC85642D948E5200B3550E /* Geofencing */;
			targetProxy = 73BC85802D948E5400B3550E /* PBXContainerItemProxy */;
		};
/* End PBXTargetDependency section */

/* Begin XCBuildConfiguration section */
		73BC85872D948E5400B3550E /* Debug */ = {
			isa = XCBuildConfiguration;
			buildSettings = {
				ALWAYS_SEARCH_USER_PATHS = NO;
				ASSETCATALOG_COMPILER_GENERATE_SWIFT_ASSET_SYMBOL_EXTENSIONS = YES;
				CLANG_ANALYZER_NONNULL = YES;
				CLANG_ANALYZER_NUMBER_OBJECT_CONVERSION = YES_AGGRESSIVE;
				CLANG_CXX_LANGUAGE_STANDARD = "gnu++20";
				CLANG_ENABLE_MODULES = YES;
				CLANG_ENABLE_OBJC_ARC = YES;
				CLANG_ENABLE_OBJC_WEAK = YES;
				CLANG_WARN_BLOCK_CAPTURE_AUTORELEASING = YES;
				CLANG_WARN_BOOL_CONVERSION = YES;
				CLANG_WARN_COMMA = YES;
				CLANG_WARN_CONSTANT_CONVERSION = YES;
				CLANG_WARN_DEPRECATED_OBJC_IMPLEMENTATIONS = YES;
				CLANG_WARN_DIRECT_OBJC_ISA_USAGE = YES_ERROR;
				CLANG_WARN_DOCUMENTATION_COMMENTS = YES;
				CLANG_WARN_EMPTY_BODY = YES;
				CLANG_WARN_ENUM_CONVERSION = YES;
				CLANG_WARN_INFINITE_RECURSION = YES;
				CLANG_WARN_INT_CONVERSION = YES;
				CLANG_WARN_NON_LITERAL_NULL_CONVERSION = YES;
				CLANG_WARN_OBJC_IMPLICIT_RETAIN_SELF = YES;
				CLANG_WARN_OBJC_LITERAL_CONVERSION = YES;
				CLANG_WARN_OBJC_ROOT_CLASS = YES_ERROR;
				CLANG_WARN_QUOTED_INCLUDE_IN_FRAMEWORK_HEADER = YES;
				CLANG_WARN_RANGE_LOOP_ANALYSIS = YES;
				CLANG_WARN_STRICT_PROTOTYPES = YES;
				CLANG_WARN_SUSPICIOUS_MOVE = YES;
				CLANG_WARN_UNGUARDED_AVAILABILITY = YES_AGGRESSIVE;
				CLANG_WARN_UNREACHABLE_CODE = YES;
				CLANG_WARN__DUPLICATE_METHOD_MATCH = YES;
				COPY_PHASE_STRIP = NO;
				DEBUG_INFORMATION_FORMAT = dwarf;
				ENABLE_STRICT_OBJC_MSGSEND = YES;
				ENABLE_TESTABILITY = YES;
				ENABLE_USER_SCRIPT_SANDBOXING = YES;
				GCC_C_LANGUAGE_STANDARD = gnu17;
				GCC_DYNAMIC_NO_PIC = NO;
				GCC_NO_COMMON_BLOCKS = YES;
				GCC_OPTIMIZATION_LEVEL = 0;
				GCC_PREPROCESSOR_DEFINITIONS = (
					"DEBUG=1",
					"$(inherited)",
				);
				GCC_WARN_64_TO_32_BIT_CONVERSION = YES;
				GCC_WARN_ABOUT_RETURN_TYPE = YES_ERROR;
				GCC_WARN_UNDECLARED_SELECTOR = YES;
				GCC_WARN_UNINITIALIZED_AUTOS = YES_AGGRESSIVE;
				GCC_WARN_UNUSED_FUNCTION = YES;
				GCC_WARN_UNUSED_VARIABLE = YES;
				IPHONEOS_DEPLOYMENT_TARGET = 18.2;
				LOCALIZATION_PREFERS_STRING_CATALOGS = YES;
				MTL_ENABLE_DEBUG_INFO = INCLUDE_SOURCE;
				MTL_FAST_MATH = YES;
				ONLY_ACTIVE_ARCH = YES;
				SDKROOT = iphoneos;
				SWIFT_ACTIVE_COMPILATION_CONDITIONS = "DEBUG $(inherited)";
				SWIFT_OPTIMIZATION_LEVEL = "-Onone";
			};
			name = Debug;
		};
		73BC85882D948E5400B3550E /* Release */ = {
			isa = XCBuildConfiguration;
			buildSettings = {
				ALWAYS_SEARCH_USER_PATHS = NO;
				ASSETCATALOG_COMPILER_GENERATE_SWIFT_ASSET_SYMBOL_EXTENSIONS = YES;
				CLANG_ANALYZER_NONNULL = YES;
				CLANG_ANALYZER_NUMBER_OBJECT_CONVERSION = YES_AGGRESSIVE;
				CLANG_CXX_LANGUAGE_STANDARD = "gnu++20";
				CLANG_ENABLE_MODULES = YES;
				CLANG_ENABLE_OBJC_ARC = YES;
				CLANG_ENABLE_OBJC_WEAK = YES;
				CLANG_WARN_BLOCK_CAPTURE_AUTORELEASING = YES;
				CLANG_WARN_BOOL_CONVERSION = YES;
				CLANG_WARN_COMMA = YES;
				CLANG_WARN_CONSTANT_CONVERSION = YES;
				CLANG_WARN_DEPRECATED_OBJC_IMPLEMENTATIONS = YES;
				CLANG_WARN_DIRECT_OBJC_ISA_USAGE = YES_ERROR;
				CLANG_WARN_DOCUMENTATION_COMMENTS = YES;
				CLANG_WARN_EMPTY_BODY = YES;
				CLANG_WARN_ENUM_CONVERSION = YES;
				CLANG_WARN_INFINITE_RECURSION = YES;
				CLANG_WARN_INT_CONVERSION = YES;
				CLANG_WARN_NON_LITERAL_NULL_CONVERSION = YES;
				CLANG_WARN_OBJC_IMPLICIT_RETAIN_SELF = YES;
				CLANG_WARN_OBJC_LITERAL_CONVERSION = YES;
				CLANG_WARN_OBJC_ROOT_CLASS = YES_ERROR;
				CLANG_WARN_QUOTED_INCLUDE_IN_FRAMEWORK_HEADER = YES;
				CLANG_WARN_RANGE_LOOP_ANALYSIS = YES;
				CLANG_WARN_STRICT_PROTOTYPES = YES;
				CLANG_WARN_SUSPICIOUS_MOVE = YES;
				CLANG_WARN_UNGUARDED_AVAILABILITY = YES_AGGRESSIVE;
				CLANG_WARN_UNREACHABLE_CODE = YES;
				CLANG_WARN__DUPLICATE_METHOD_MATCH = YES;
				COPY_PHASE_STRIP = NO;
				DEBUG_INFORMATION_FORMAT = "dwarf-with-dsym";
				ENABLE_NS_ASSERTIONS = NO;
				ENABLE_STRICT_OBJC_MSGSEND = YES;
				ENABLE_USER_SCRIPT_SANDBOXING = YES;
				GCC_C_LANGUAGE_STANDARD = gnu17;
				GCC_NO_COMMON_BLOCKS = YES;
				GCC_WARN_64_TO_32_BIT_CONVERSION = YES;
				GCC_WARN_ABOUT_RETURN_TYPE = YES_ERROR;
				GCC_WARN_UNDECLARED_SELECTOR = YES;
				GCC_WARN_UNINITIALIZED_AUTOS = YES_AGGRESSIVE;
				GCC_WARN_UNUSED_FUNCTION = YES;
				GCC_WARN_UNUSED_VARIABLE = YES;
				IPHONEOS_DEPLOYMENT_TARGET = 18.2;
				LOCALIZATION_PREFERS_STRING_CATALOGS = YES;
				MTL_ENABLE_DEBUG_INFO = NO;
				MTL_FAST_MATH = YES;
				SDKROOT = iphoneos;
				SWIFT_COMPILATION_MODE = wholemodule;
				VALIDATE_PRODUCT = YES;
			};
			name = Release;
		};
		73BC858A2D948E5400B3550E /* Debug */ = {
			isa = XCBuildConfiguration;
			buildSettings = {
				ASSETCATALOG_COMPILER_APPICON_NAME = AppIcon;
				ASSETCATALOG_COMPILER_GLOBAL_ACCENT_COLOR_NAME = AccentColor;
				CODE_SIGN_STYLE = Automatic;
				CURRENT_PROJECT_VERSION = 1;
				DEVELOPMENT_ASSET_PATHS = "\"Geofencing/Preview Content\"";
				DEVELOPMENT_TEAM = MCAQ3C87X5;
				ENABLE_PREVIEWS = YES;
				GENERATE_INFOPLIST_FILE = YES;
				INFOPLIST_FILE = Geofencing/Info.plist;
				INFOPLIST_KEY_UIApplicationSceneManifest_Generation = YES;
				INFOPLIST_KEY_UIApplicationSupportsIndirectInputEvents = YES;
				INFOPLIST_KEY_UILaunchScreen_Generation = YES;
				INFOPLIST_KEY_UISupportedInterfaceOrientations_iPad = "UIInterfaceOrientationPortrait UIInterfaceOrientationPortraitUpsideDown UIInterfaceOrientationLandscapeLeft UIInterfaceOrientationLandscapeRight";
				INFOPLIST_KEY_UISupportedInterfaceOrientations_iPhone = "UIInterfaceOrientationPortrait UIInterfaceOrientationLandscapeLeft UIInterfaceOrientationLandscapeRight";
				LD_RUNPATH_SEARCH_PATHS = (
					"$(inherited)",
					"@executable_path/Frameworks",
				);
				MARKETING_VERSION = 1.0;
				PRODUCT_BUNDLE_IDENTIFIER = com.Mapbox.Geofencing;
				PRODUCT_NAME = "$(TARGET_NAME)";
				SWIFT_EMIT_LOC_STRINGS = YES;
				SWIFT_VERSION = 5.0;
				TARGETED_DEVICE_FAMILY = "1,2";
			};
			name = Debug;
		};
		73BC858B2D948E5400B3550E /* Release */ = {
			isa = XCBuildConfiguration;
			buildSettings = {
				ASSETCATALOG_COMPILER_APPICON_NAME = AppIcon;
				ASSETCATALOG_COMPILER_GLOBAL_ACCENT_COLOR_NAME = AccentColor;
				CODE_SIGN_STYLE = Automatic;
				CURRENT_PROJECT_VERSION = 1;
				DEVELOPMENT_ASSET_PATHS = "\"Geofencing/Preview Content\"";
				DEVELOPMENT_TEAM = MCAQ3C87X5;
				ENABLE_PREVIEWS = YES;
				GENERATE_INFOPLIST_FILE = YES;
				INFOPLIST_FILE = Geofencing/Info.plist;
				INFOPLIST_KEY_UIApplicationSceneManifest_Generation = YES;
				INFOPLIST_KEY_UIApplicationSupportsIndirectInputEvents = YES;
				INFOPLIST_KEY_UILaunchScreen_Generation = YES;
				INFOPLIST_KEY_UISupportedInterfaceOrientations_iPad = "UIInterfaceOrientationPortrait UIInterfaceOrientationPortraitUpsideDown UIInterfaceOrientationLandscapeLeft UIInterfaceOrientationLandscapeRight";
				INFOPLIST_KEY_UISupportedInterfaceOrientations_iPhone = "UIInterfaceOrientationPortrait UIInterfaceOrientationLandscapeLeft UIInterfaceOrientationLandscapeRight";
				LD_RUNPATH_SEARCH_PATHS = (
					"$(inherited)",
					"@executable_path/Frameworks",
				);
				MARKETING_VERSION = 1.0;
				PRODUCT_BUNDLE_IDENTIFIER = com.Mapbox.Geofencing;
				PRODUCT_NAME = "$(TARGET_NAME)";
				SWIFT_EMIT_LOC_STRINGS = YES;
				SWIFT_VERSION = 5.0;
				TARGETED_DEVICE_FAMILY = "1,2";
			};
			name = Release;
		};
		73BC858D2D948E5400B3550E /* Debug */ = {
			isa = XCBuildConfiguration;
			buildSettings = {
				BUNDLE_LOADER = "$(TEST_HOST)";
				CODE_SIGN_STYLE = Automatic;
				CURRENT_PROJECT_VERSION = 1;
				DEVELOPMENT_TEAM = MCAQ3C87X5;
				GENERATE_INFOPLIST_FILE = YES;
				IPHONEOS_DEPLOYMENT_TARGET = 18.2;
				MARKETING_VERSION = 1.0;
				PRODUCT_BUNDLE_IDENTIFIER = com.Mapbox.Geofencing;
				PRODUCT_NAME = "$(TARGET_NAME)";
				SWIFT_EMIT_LOC_STRINGS = NO;
				SWIFT_VERSION = 5.0;
				TARGETED_DEVICE_FAMILY = "1,2";
				TEST_HOST = "$(BUILT_PRODUCTS_DIR)/Geofencing.app/$(BUNDLE_EXECUTABLE_FOLDER_PATH)/Geofencing";
			};
			name = Debug;
		};
		73BC858E2D948E5400B3550E /* Release */ = {
			isa = XCBuildConfiguration;
			buildSettings = {
				BUNDLE_LOADER = "$(TEST_HOST)";
				CODE_SIGN_STYLE = Automatic;
				CURRENT_PROJECT_VERSION = 1;
				DEVELOPMENT_TEAM = MCAQ3C87X5;
				GENERATE_INFOPLIST_FILE = YES;
				IPHONEOS_DEPLOYMENT_TARGET = 18.2;
				MARKETING_VERSION = 1.0;
				PRODUCT_BUNDLE_IDENTIFIER = com.Mapbox.Geofencing;
				PRODUCT_NAME = "$(TARGET_NAME)";
				SWIFT_EMIT_LOC_STRINGS = NO;
				SWIFT_VERSION = 5.0;
				TARGETED_DEVICE_FAMILY = "1,2";
				TEST_HOST = "$(BUILT_PRODUCTS_DIR)/Geofencing.app/$(BUNDLE_EXECUTABLE_FOLDER_PATH)/Geofencing";
			};
			name = Release;
		};
		73BC85902D948E5400B3550E /* Debug */ = {
			isa = XCBuildConfiguration;
			buildSettings = {
				CODE_SIGN_STYLE = Automatic;
				CURRENT_PROJECT_VERSION = 1;
				DEVELOPMENT_TEAM = MCAQ3C87X5;
				GENERATE_INFOPLIST_FILE = YES;
				MARKETING_VERSION = 1.0;
				PRODUCT_BUNDLE_IDENTIFIER = com.Mapbox.Geofencing;
				PRODUCT_NAME = "$(TARGET_NAME)";
				SWIFT_EMIT_LOC_STRINGS = NO;
				SWIFT_VERSION = 5.0;
				TARGETED_DEVICE_FAMILY = "1,2";
				TEST_TARGET_NAME = Geofencing;
			};
			name = Debug;
		};
		73BC85912D948E5400B3550E /* Release */ = {
			isa = XCBuildConfiguration;
			buildSettings = {
				CODE_SIGN_STYLE = Automatic;
				CURRENT_PROJECT_VERSION = 1;
				DEVELOPMENT_TEAM = MCAQ3C87X5;
				GENERATE_INFOPLIST_FILE = YES;
				MARKETING_VERSION = 1.0;
				PRODUCT_BUNDLE_IDENTIFIER = com.Mapbox.Geofencing;
				PRODUCT_NAME = "$(TARGET_NAME)";
				SWIFT_EMIT_LOC_STRINGS = NO;
				SWIFT_VERSION = 5.0;
				TARGETED_DEVICE_FAMILY = "1,2";
				TEST_TARGET_NAME = Geofencing;
			};
			name = Release;
		};
/* End XCBuildConfiguration section */

/* Begin XCConfigurationList section */
		73BC85602D948E5200B3550E /* Build configuration list for PBXProject "Geofencing" */ = {
			isa = XCConfigurationList;
			buildConfigurations = (
				73BC85872D948E5400B3550E /* Debug */,
				73BC85882D948E5400B3550E /* Release */,
			);
			defaultConfigurationIsVisible = 0;
			defaultConfigurationName = Release;
		};
		73BC85892D948E5400B3550E /* Build configuration list for PBXNativeTarget "Geofencing" */ = {
			isa = XCConfigurationList;
			buildConfigurations = (
				73BC858A2D948E5400B3550E /* Debug */,
				73BC858B2D948E5400B3550E /* Release */,
			);
			defaultConfigurationIsVisible = 0;
			defaultConfigurationName = Release;
		};
		73BC858C2D948E5400B3550E /* Build configuration list for PBXNativeTarget "GeofencingTests" */ = {
			isa = XCConfigurationList;
			buildConfigurations = (
				73BC858D2D948E5400B3550E /* Debug */,
				73BC858E2D948E5400B3550E /* Release */,
			);
			defaultConfigurationIsVisible = 0;
			defaultConfigurationName = Release;
		};
		73BC858F2D948E5400B3550E /* Build configuration list for PBXNativeTarget "GeofencingUITests" */ = {
			isa = XCConfigurationList;
			buildConfigurations = (
				73BC85902D948E5400B3550E /* Debug */,
				73BC85912D948E5400B3550E /* Release */,
			);
			defaultConfigurationIsVisible = 0;
			defaultConfigurationName = Release;
		};
/* End XCConfigurationList section */

/* Begin XCRemoteSwiftPackageReference section */
		73BC85942D9499E800B3550E /* XCRemoteSwiftPackageReference "mapbox-maps-ios" */ = {
			isa = XCRemoteSwiftPackageReference;
			repositoryURL = "https://github.com/mapbox/mapbox-maps-ios.git";
			requirement = {
				kind = upToNextMajorVersion;
				minimumVersion = 11.0.0;
			};
		};
/* End XCRemoteSwiftPackageReference section */

/* Begin XCSwiftPackageProductDependency section */
		73BC85962D95825600B3550E /* MapboxMaps */ = {
			isa = XCSwiftPackageProductDependency;
			package = 73BC85942D9499E800B3550E /* XCRemoteSwiftPackageReference "mapbox-maps-ios" */;
			productName = MapboxMaps;
		};
/* End XCSwiftPackageProductDependency section */
	};
	rootObject = 73BC855D2D948E5200B3550E /* Project object */;
}
